
Microsoft Visual Studio Solution File, Format Version 12.00
# Visual Studio Version 17
VisualStudioVersion = 17.8.34408.163
MinimumVisualStudioVersion = 10.0.40219.1
Project("{9A19103F-16F7-4668-BE54-9A1E7A4F7556}") = "MatuszewskiStasiak.SuperBooks", "MatuszewskiStasiak.SuperBooks\MatuszewskiStasiak.SuperBooks.csproj", "{E2A9DDB0-1A34-43FB-AF10-9338F0F6684F}"
EndProject
Project("{9A19103F-16F7-4668-BE54-9A1E7A4F7556}") = "MatuszewskiStasiak.SuperBooks.Core", "MatuszewskiStasiak.SuperBooks.Core\MatuszewskiStasiak.SuperBooks.Core.csproj", "{781DC653-25A2-4467-9D18-0B2ED425E60D}"
EndProject
Project("{9A19103F-16F7-4668-BE54-9A1E7A4F7556}") = "MatuszewskiStasiak.SuperBooks.Interfaces", "MatuszewskiStasiak.SuperBooks.Interfaces\MatuszewskiStasiak.SuperBooks.Interfaces.csproj", "{347F2896-3322-4AEE-9077-33C5A6075F2B}"
EndProject
Project("{9A19103F-16F7-4668-BE54-9A1E7A4F7556}") = "MatuszewskiStasiak.SuperBooks.DAOMock", "MatuszewskiStasiak.SuperBooks.DAOMock\MatuszewskiStasiak.SuperBooks.DAOMock.csproj", "{F90368E7-B008-4FAA-A67E-B598F79B9B87}"
EndProject
Project("{9A19103F-16F7-4668-BE54-9A1E7A4F7556}") = "MatuszewskiStasiak.SuperBooks.BLC", "MatuszewskiStasiak.SuperBooks.BLC\MatuszewskiStasiak.SuperBooks.BLC.csproj", "{F283CEAE-AA4D-467E-AA41-ECA3FE42E15D}"
EndProject
Project("{9A19103F-16F7-4668-BE54-9A1E7A4F7556}") = "MatuszewskiStasiak.SuperBooks.Web", "MatuszewskiStasiak.SuperBooks.Web\MatuszewskiStasiak.SuperBooks.Web.csproj", "{5A760E9D-7679-468B-88D2-DBEFEE55C7E6}"
EndProject
Project("{9A19103F-16F7-4668-BE54-9A1E7A4F7556}") = "MatuszewskiStasiak.SuperBooks.DAOSQL", "MatuszewskiStasiak.SuperBooks.DAOSQL\MatuszewskiStasiak.SuperBooks.DAOSQL.csproj", "{E9674870-0C9F-4793-BDD4-B871E2A61DF3}"
EndProject
Project("{9A19103F-16F7-4668-BE54-9A1E7A4F7556}") = "MatuszewskiStasiak.SuperBooks.UnitTests", "MatuszewskiStasiak.SuperBooks.UnitTests\MatuszewskiStasiak.SuperBooks.UnitTests.csproj", "{E9C88AEB-B0ED-42AE-B549-71A61855977C}"
EndProject
Project("{9A19103F-16F7-4668-BE54-9A1E7A4F7556}") = "MatuszewskiStasiak.SuperBooks.MAUI", "MatuszewskiStasiak.SuperBooks.MAUI\MatuszewskiStasiak.SuperBooks.MAUI.csproj", "{ACDDF198-68D1-4105-801E-53A01F276E1A}"
EndProject
Global
	GlobalSection(SolutionConfigurationPlatforms) = preSolution
		Debug|Any CPU = Debug|Any CPU
		Release|Any CPU = Release|Any CPU
	EndGlobalSection
	GlobalSection(ProjectConfigurationPlatforms) = postSolution
		{E2A9DDB0-1A34-43FB-AF10-9338F0F6684F}.Debug|Any CPU.ActiveCfg = Debug|Any CPU
		{E2A9DDB0-1A34-43FB-AF10-9338F0F6684F}.Debug|Any CPU.Build.0 = Debug|Any CPU
		{E2A9DDB0-1A34-43FB-AF10-9338F0F6684F}.Release|Any CPU.ActiveCfg = Release|Any CPU
		{E2A9DDB0-1A34-43FB-AF10-9338F0F6684F}.Release|Any CPU.Build.0 = Release|Any CPU
		{781DC653-25A2-4467-9D18-0B2ED425E60D}.Debug|Any CPU.ActiveCfg = Debug|Any CPU
		{781DC653-25A2-4467-9D18-0B2ED425E60D}.Debug|Any CPU.Build.0 = Debug|Any CPU
		{781DC653-25A2-4467-9D18-0B2ED425E60D}.Release|Any CPU.ActiveCfg = Release|Any CPU
		{781DC653-25A2-4467-9D18-0B2ED425E60D}.Release|Any CPU.Build.0 = Release|Any CPU
		{347F2896-3322-4AEE-9077-33C5A6075F2B}.Debug|Any CPU.ActiveCfg = Debug|Any CPU
		{347F2896-3322-4AEE-9077-33C5A6075F2B}.Debug|Any CPU.Build.0 = Debug|Any CPU
		{347F2896-3322-4AEE-9077-33C5A6075F2B}.Release|Any CPU.ActiveCfg = Release|Any CPU
		{347F2896-3322-4AEE-9077-33C5A6075F2B}.Release|Any CPU.Build.0 = Release|Any CPU
		{F90368E7-B008-4FAA-A67E-B598F79B9B87}.Debug|Any CPU.ActiveCfg = Debug|Any CPU
		{F90368E7-B008-4FAA-A67E-B598F79B9B87}.Debug|Any CPU.Build.0 = Debug|Any CPU
		{F90368E7-B008-4FAA-A67E-B598F79B9B87}.Release|Any CPU.ActiveCfg = Release|Any CPU
		{F90368E7-B008-4FAA-A67E-B598F79B9B87}.Release|Any CPU.Build.0 = Release|Any CPU
		{F283CEAE-AA4D-467E-AA41-ECA3FE42E15D}.Debug|Any CPU.ActiveCfg = Debug|Any CPU
		{F283CEAE-AA4D-467E-AA41-ECA3FE42E15D}.Debug|Any CPU.Build.0 = Debug|Any CPU
		{F283CEAE-AA4D-467E-AA41-ECA3FE42E15D}.Release|Any CPU.ActiveCfg = Release|Any CPU
		{F283CEAE-AA4D-467E-AA41-ECA3FE42E15D}.Release|Any CPU.Build.0 = Release|Any CPU
		{5A760E9D-7679-468B-88D2-DBEFEE55C7E6}.Debug|Any CPU.ActiveCfg = Debug|Any CPU
		{5A760E9D-7679-468B-88D2-DBEFEE55C7E6}.Debug|Any CPU.Build.0 = Debug|Any CPU
		{5A760E9D-7679-468B-88D2-DBEFEE55C7E6}.Release|Any CPU.ActiveCfg = Release|Any CPU
		{5A760E9D-7679-468B-88D2-DBEFEE55C7E6}.Release|Any CPU.Build.0 = Release|Any CPU
		{E9674870-0C9F-4793-BDD4-B871E2A61DF3}.Debug|Any CPU.ActiveCfg = Debug|Any CPU
		{E9674870-0C9F-4793-BDD4-B871E2A61DF3}.Debug|Any CPU.Build.0 = Debug|Any CPU
		{E9674870-0C9F-4793-BDD4-B871E2A61DF3}.Release|Any CPU.ActiveCfg = Release|Any CPU
		{E9674870-0C9F-4793-BDD4-B871E2A61DF3}.Release|Any CPU.Build.0 = Release|Any CPU
		{E9C88AEB-B0ED-42AE-B549-71A61855977C}.Debug|Any CPU.ActiveCfg = Debug|Any CPU
		{E9C88AEB-B0ED-42AE-B549-71A61855977C}.Debug|Any CPU.Build.0 = Debug|Any CPU
		{E9C88AEB-B0ED-42AE-B549-71A61855977C}.Release|Any CPU.ActiveCfg = Release|Any CPU
		{E9C88AEB-B0ED-42AE-B549-71A61855977C}.Release|Any CPU.Build.0 = Release|Any CPU
		{ACDDF198-68D1-4105-801E-53A01F276E1A}.Debug|Any CPU.ActiveCfg = Debug|Any CPU
		{ACDDF198-68D1-4105-801E-53A01F276E1A}.Debug|Any CPU.Build.0 = Debug|Any CPU
		{ACDDF198-68D1-4105-801E-53A01F276E1A}.Debug|Any CPU.Deploy.0 = Debug|Any CPU
		{ACDDF198-68D1-4105-801E-53A01F276E1A}.Release|Any CPU.ActiveCfg = Release|Any CPU
		{ACDDF198-68D1-4105-801E-53A01F276E1A}.Release|Any CPU.Build.0 = Release|Any CPU
		{ACDDF198-68D1-4105-801E-53A01F276E1A}.Release|Any CPU.Deploy.0 = Release|Any CPU
	EndGlobalSection
	GlobalSection(SolutionProperties) = preSolution
		HideSolutionNode = FALSE
	EndGlobalSection
	GlobalSection(ExtensibilityGlobals) = postSolution
		SolutionGuid = {E9A64188-918E-448C-B4AE-CB6D01ED1F9F}
	EndGlobalSection
EndGlobal
