
Microsoft Visual Studio Solution File, Format Version 12.00
# Visual Studio Version 17
VisualStudioVersion = 17.8.34330.188
MinimumVisualStudioVersion = 10.0.40219.1
Project("{FAE04EC0-301F-11D3-BF4B-00C04F79EFBC}") = "CarsAppMAUI", "CarsAppMAUI.csproj", "{347EFC92-DE8A-4D02-986C-91F8124E7587}"
EndProject
Global
	GlobalSection(SolutionConfigurationPlatforms) = preSolution
		Debug|Any CPU = Debug|Any CPU
		Release|Any CPU = Release|Any CPU
	EndGlobalSection
	GlobalSection(ProjectConfigurationPlatforms) = postSolution
		{347EFC92-DE8A-4D02-986C-91F8124E7587}.Debug|Any CPU.ActiveCfg = Debug|Any CPU
		{347EFC92-DE8A-4D02-986C-91F8124E7587}.Debug|Any CPU.Build.0 = Debug|Any CPU
		{347EFC92-DE8A-4D02-986C-91F8124E7587}.Debug|Any CPU.Deploy.0 = Debug|Any CPU
		{347EFC92-DE8A-4D02-986C-91F8124E7587}.Release|Any CPU.ActiveCfg = Release|Any CPU
		{347EFC92-DE8A-4D02-986C-91F8124E7587}.Release|Any CPU.Build.0 = Release|Any CPU
		{347EFC92-DE8A-4D02-986C-91F8124E7587}.Release|Any CPU.Deploy.0 = Release|Any CPU
	EndGlobalSection
	GlobalSection(SolutionProperties) = preSolution
		HideSolutionNode = FALSE
	EndGlobalSection
	GlobalSection(ExtensibilityGlobals) = postSolution
		SolutionGuid = {ADE47B88-F06B-4B18-B6BE-16BC46A9B35E}
	EndGlobalSection
EndGlobal
